{
    "requires": true,
    "lockfileVersion": 1,
    "dependencies": {
        "bs-stepper": {
            "version": "1.6.1",
            "resolved": "https://registry.npmjs.org/bs-stepper/-/bs-stepper-1.6.1.tgz",
            "integrity": "sha512-Bu7wEfA34oCAPAtlByoLxcWZvuU3jaf+ucOo+Pg1wR/VE/AU7ej1enclAKRptakOS06SMhNzQ2gD6vfl2YadeQ=="
        },
        "jquery-ui": {
            "version": "1.12.1",
            "resolved": "https://registry.npmjs.org/jquery-ui/-/jquery-ui-1.12.1.tgz",
            "integrity": "sha1-vLQEXI3QU5wTS8FIjN0+dop6nlE=",
            "dev": true
        }
    }
}
